
Microsoft Visual Studio Solution File, Format Version 12.00
# Visual Studio Version 16
VisualStudioVersion = 16.0.31424.327
MinimumVisualStudioVersion = 10.0.40219.1
Project("{8BC9CEB8-8B4A-11D0-8D11-00A0C91BC942}") = "MyRenderer", "MyRenderer.vcxproj", "{72E491F2-C19C-40D8-AA64-64E59D82EC70}"
EndProject
Project("{8BC9CEB8-8B4A-11D0-8D11-00A0C91BC942}") = "TinyRenderer", "TinyRenderer\TinyRenderer.vcxproj", "{79599E8A-D89D-4724-B8B8-C2F8D59EC279}"
EndProject
Project("{8BC9CEB8-8B4A-11D0-8D11-00A0C91BC942}") = "IBL", "IBL\IBL.vcxproj", "{B7462E58-C828-4910-8AE8-BD7187C78B9D}"
EndProject
Project("{8BC9CEB8-8B4A-11D0-8D11-00A0C91BC942}") = "RayTracing", "RayTracing\RayTracing.vcxproj", "{011C8267-DFBA-46F7-8423-79BA0634E7ED}"
EndProject
Project("{8BC9CEB8-8B4A-11D0-8D11-00A0C91BC942}") = "Chess", "Chess\Chess.vcxproj", "{A034589E-678B-4B5C-A5CA-4F5CA47A42D7}"
EndProject
Project("{8BC9CEB8-8B4A-11D0-8D11-00A0C91BC942}") = "CudaRuntime1", "CudaRuntime1\CudaRuntime1.vcxproj", "{BBCD4962-BD77-4C56-A543-2B4EDF36D7CD}"
EndProject
Project("{8BC9CEB8-8B4A-11D0-8D11-00A0C91BC942}") = "DataFitting", "DataFitting\DataFitting.vcxproj", "{B95C8CE0-8892-4183-A0BB-6BE8C4B8CA5C}"
EndProject
Project("{8BC9CEB8-8B4A-11D0-8D11-00A0C91BC942}") = "LoopSubdivision", "LoopSubdivision\LoopSubdivision.vcxproj", "{2F4B65DE-3F79-49B9-8C78-295F9B1CCDB5}"
EndProject
Project("{8BC9CEB8-8B4A-11D0-8D11-00A0C91BC942}") = "QEMSimplification", "QEMSimplification\QEMSimplification.vcxproj", "{8BFA5E11-A006-4B78-B7A5-F4ABD18A5B03}"
EndProject
Project("{8BC9CEB8-8B4A-11D0-8D11-00A0C91BC942}") = "OpenMeshlibigl", "OpenMeshlibigl\OpenMeshlibigl.vcxproj", "{8D736391-9BBF-4BA5-B951-6F535F1043DD}"
EndProject
Project("{8BC9CEB8-8B4A-11D0-8D11-00A0C91BC942}") = "OpenMeshlibigl2", "OpenMeshlibigl2\OpenMeshlibigl2.vcxproj", "{525416CF-C56E-4512-93FA-AA5374BE49EB}"
EndProject
Global
	GlobalSection(SolutionConfigurationPlatforms) = preSolution
		Debug|x64 = Debug|x64
		Debug|x86 = Debug|x86
		Release|x64 = Release|x64
		Release|x86 = Release|x86
	EndGlobalSection
	GlobalSection(ProjectConfigurationPlatforms) = postSolution
		{72E491F2-C19C-40D8-AA64-64E59D82EC70}.Debug|x64.ActiveCfg = Debug|x64
		{72E491F2-C19C-40D8-AA64-64E59D82EC70}.Debug|x64.Build.0 = Debug|x64
		{72E491F2-C19C-40D8-AA64-64E59D82EC70}.Debug|x86.ActiveCfg = Debug|Win32
		{72E491F2-C19C-40D8-AA64-64E59D82EC70}.Debug|x86.Build.0 = Debug|Win32
		{72E491F2-C19C-40D8-AA64-64E59D82EC70}.Release|x64.ActiveCfg = Release|x64
		{72E491F2-C19C-40D8-AA64-64E59D82EC70}.Release|x64.Build.0 = Release|x64
		{72E491F2-C19C-40D8-AA64-64E59D82EC70}.Release|x86.ActiveCfg = Release|Win32
		{72E491F2-C19C-40D8-AA64-64E59D82EC70}.Release|x86.Build.0 = Release|Win32
		{79599E8A-D89D-4724-B8B8-C2F8D59EC279}.Debug|x64.ActiveCfg = Debug|x64
		{79599E8A-D89D-4724-B8B8-C2F8D59EC279}.Debug|x64.Build.0 = Debug|x64
		{79599E8A-D89D-4724-B8B8-C2F8D59EC279}.Debug|x86.ActiveCfg = Debug|Win32
		{79599E8A-D89D-4724-B8B8-C2F8D59EC279}.Debug|x86.Build.0 = Debug|Win32
		{79599E8A-D89D-4724-B8B8-C2F8D59EC279}.Release|x64.ActiveCfg = Release|x64
		{79599E8A-D89D-4724-B8B8-C2F8D59EC279}.Release|x64.Build.0 = Release|x64
		{79599E8A-D89D-4724-B8B8-C2F8D59EC279}.Release|x86.ActiveCfg = Release|Win32
		{79599E8A-D89D-4724-B8B8-C2F8D59EC279}.Release|x86.Build.0 = Release|Win32
		{B7462E58-C828-4910-8AE8-BD7187C78B9D}.Debug|x64.ActiveCfg = Debug|x64
		{B7462E58-C828-4910-8AE8-BD7187C78B9D}.Debug|x64.Build.0 = Debug|x64
		{B7462E58-C828-4910-8AE8-BD7187C78B9D}.Debug|x86.ActiveCfg = Debug|Win32
		{B7462E58-C828-4910-8AE8-BD7187C78B9D}.Debug|x86.Build.0 = Debug|Win32
		{B7462E58-C828-4910-8AE8-BD7187C78B9D}.Release|x64.ActiveCfg = Release|x64
		{B7462E58-C828-4910-8AE8-BD7187C78B9D}.Release|x64.Build.0 = Release|x64
		{B7462E58-C828-4910-8AE8-BD7187C78B9D}.Release|x86.ActiveCfg = Release|Win32
		{B7462E58-C828-4910-8AE8-BD7187C78B9D}.Release|x86.Build.0 = Release|Win32
		{011C8267-DFBA-46F7-8423-79BA0634E7ED}.Debug|x64.ActiveCfg = Debug|x64
		{011C8267-DFBA-46F7-8423-79BA0634E7ED}.Debug|x64.Build.0 = Debug|x64
		{011C8267-DFBA-46F7-8423-79BA0634E7ED}.Debug|x86.ActiveCfg = Debug|Win32
		{011C8267-DFBA-46F7-8423-79BA0634E7ED}.Debug|x86.Build.0 = Debug|Win32
		{011C8267-DFBA-46F7-8423-79BA0634E7ED}.Release|x64.ActiveCfg = Release|x64
		{011C8267-DFBA-46F7-8423-79BA0634E7ED}.Release|x64.Build.0 = Release|x64
		{011C8267-DFBA-46F7-8423-79BA0634E7ED}.Release|x86.ActiveCfg = Release|Win32
		{011C8267-DFBA-46F7-8423-79BA0634E7ED}.Release|x86.Build.0 = Release|Win32
		{A034589E-678B-4B5C-A5CA-4F5CA47A42D7}.Debug|x64.ActiveCfg = Debug|x64
		{A034589E-678B-4B5C-A5CA-4F5CA47A42D7}.Debug|x64.Build.0 = Debug|x64
		{A034589E-678B-4B5C-A5CA-4F5CA47A42D7}.Debug|x86.ActiveCfg = Debug|Win32
		{A034589E-678B-4B5C-A5CA-4F5CA47A42D7}.Debug|x86.Build.0 = Debug|Win32
		{A034589E-678B-4B5C-A5CA-4F5CA47A42D7}.Release|x64.ActiveCfg = Release|x64
		{A034589E-678B-4B5C-A5CA-4F5CA47A42D7}.Release|x64.Build.0 = Release|x64
		{A034589E-678B-4B5C-A5CA-4F5CA47A42D7}.Release|x86.ActiveCfg = Release|Win32
		{A034589E-678B-4B5C-A5CA-4F5CA47A42D7}.Release|x86.Build.0 = Release|Win32
		{BBCD4962-BD77-4C56-A543-2B4EDF36D7CD}.Debug|x64.ActiveCfg = Debug|x64
		{BBCD4962-BD77-4C56-A543-2B4EDF36D7CD}.Debug|x64.Build.0 = Debug|x64
		{BBCD4962-BD77-4C56-A543-2B4EDF36D7CD}.Debug|x86.ActiveCfg = Debug|x64
		{BBCD4962-BD77-4C56-A543-2B4EDF36D7CD}.Release|x64.ActiveCfg = Release|x64
		{BBCD4962-BD77-4C56-A543-2B4EDF36D7CD}.Release|x64.Build.0 = Release|x64
		{BBCD4962-BD77-4C56-A543-2B4EDF36D7CD}.Release|x86.ActiveCfg = Release|x64
		{B95C8CE0-8892-4183-A0BB-6BE8C4B8CA5C}.Debug|x64.ActiveCfg = Debug|x64
		{B95C8CE0-8892-4183-A0BB-6BE8C4B8CA5C}.Debug|x64.Build.0 = Debug|x64
		{B95C8CE0-8892-4183-A0BB-6BE8C4B8CA5C}.Debug|x86.ActiveCfg = Debug|Win32
		{B95C8CE0-8892-4183-A0BB-6BE8C4B8CA5C}.Debug|x86.Build.0 = Debug|Win32
		{B95C8CE0-8892-4183-A0BB-6BE8C4B8CA5C}.Release|x64.ActiveCfg = Release|x64
		{B95C8CE0-8892-4183-A0BB-6BE8C4B8CA5C}.Release|x64.Build.0 = Release|x64
		{B95C8CE0-8892-4183-A0BB-6BE8C4B8CA5C}.Release|x86.ActiveCfg = Release|Win32
		{B95C8CE0-8892-4183-A0BB-6BE8C4B8CA5C}.Release|x86.Build.0 = Release|Win32
		{2F4B65DE-3F79-49B9-8C78-295F9B1CCDB5}.Debug|x64.ActiveCfg = Debug|x64
		{2F4B65DE-3F79-49B9-8C78-295F9B1CCDB5}.Debug|x64.Build.0 = Debug|x64
		{2F4B65DE-3F79-49B9-8C78-295F9B1CCDB5}.Debug|x86.ActiveCfg = Debug|Win32
		{2F4B65DE-3F79-49B9-8C78-295F9B1CCDB5}.Debug|x86.Build.0 = Debug|Win32
		{2F4B65DE-3F79-49B9-8C78-295F9B1CCDB5}.Release|x64.ActiveCfg = Release|x64
		{2F4B65DE-3F79-49B9-8C78-295F9B1CCDB5}.Release|x64.Build.0 = Release|x64
		{2F4B65DE-3F79-49B9-8C78-295F9B1CCDB5}.Release|x86.ActiveCfg = Release|Win32
		{2F4B65DE-3F79-49B9-8C78-295F9B1CCDB5}.Release|x86.Build.0 = Release|Win32
		{8BFA5E11-A006-4B78-B7A5-F4ABD18A5B03}.Debug|x64.ActiveCfg = Debug|x64
		{8BFA5E11-A006-4B78-B7A5-F4ABD18A5B03}.Debug|x64.Build.0 = Debug|x64
		{8BFA5E11-A006-4B78-B7A5-F4ABD18A5B03}.Debug|x86.ActiveCfg = Debug|Win32
		{8BFA5E11-A006-4B78-B7A5-F4ABD18A5B03}.Debug|x86.Build.0 = Debug|Win32
		{8BFA5E11-A006-4B78-B7A5-F4ABD18A5B03}.Release|x64.ActiveCfg = Release|x64
		{8BFA5E11-A006-4B78-B7A5-F4ABD18A5B03}.Release|x64.Build.0 = Release|x64
		{8BFA5E11-A006-4B78-B7A5-F4ABD18A5B03}.Release|x86.ActiveCfg = Release|Win32
		{8BFA5E11-A006-4B78-B7A5-F4ABD18A5B03}.Release|x86.Build.0 = Release|Win32
		{8D736391-9BBF-4BA5-B951-6F535F1043DD}.Debug|x64.ActiveCfg = Debug|x64
		{8D736391-9BBF-4BA5-B951-6F535F1043DD}.Debug|x64.Build.0 = Debug|x64
		{8D736391-9BBF-4BA5-B951-6F535F1043DD}.Debug|x86.ActiveCfg = Debug|Win32
		{8D736391-9BBF-4BA5-B951-6F535F1043DD}.Debug|x86.Build.0 = Debug|Win32
		{8D736391-9BBF-4BA5-B951-6F535F1043DD}.Release|x64.ActiveCfg = Release|x64
		{8D736391-9BBF-4BA5-B951-6F535F1043DD}.Release|x64.Build.0 = Release|x64
		{8D736391-9BBF-4BA5-B951-6F535F1043DD}.Release|x86.ActiveCfg = Release|Win32
		{8D736391-9BBF-4BA5-B951-6F535F1043DD}.Release|x86.Build.0 = Release|Win32
		{525416CF-C56E-4512-93FA-AA5374BE49EB}.Debug|x64.ActiveCfg = Debug|x64
		{525416CF-C56E-4512-93FA-AA5374BE49EB}.Debug|x64.Build.0 = Debug|x64
		{525416CF-C56E-4512-93FA-AA5374BE49EB}.Debug|x86.ActiveCfg = Debug|Win32
		{525416CF-C56E-4512-93FA-AA5374BE49EB}.Debug|x86.Build.0 = Debug|Win32
		{525416CF-C56E-4512-93FA-AA5374BE49EB}.Release|x64.ActiveCfg = Release|x64
		{525416CF-C56E-4512-93FA-AA5374BE49EB}.Release|x64.Build.0 = Release|x64
		{525416CF-C56E-4512-93FA-AA5374BE49EB}.Release|x86.ActiveCfg = Release|Win32
		{525416CF-C56E-4512-93FA-AA5374BE49EB}.Release|x86.Build.0 = Release|Win32
	EndGlobalSection
	GlobalSection(SolutionProperties) = preSolution
		HideSolutionNode = FALSE
	EndGlobalSection
	GlobalSection(ExtensibilityGlobals) = postSolution
		SolutionGuid = {C64D431A-5EFA-41EC-B4AD-32E7EEB1AD92}
	EndGlobalSection
EndGlobal
